// !$*UTF8*$!
{
	archiveVersion = 1;
	classes = {
	};
	objectVersion = 46;
	objects = {

/* Begin PBXBuildFile section */
		3F307B841B584B680087207E /* AppDelegate.swift in Sources */ = {isa = PBXBuildFile; fileRef = 3F307B831B584B680087207E /* AppDelegate.swift */; };
		3F307B861B584B680087207E /* ViewController.swift in Sources */ = {isa = PBXBuildFile; fileRef = 3F307B851B584B680087207E /* ViewController.swift */; };
		3F307B891B584B680087207E /* Main.storyboard in Resources */ = {isa = PBXBuildFile; fileRef = 3F307B871B584B680087207E /* Main.storyboard */; };
		3F307B8B1B584B680087207E /* Images.xcassets in Resources */ = {isa = PBXBuildFile; fileRef = 3F307B8A1B584B680087207E /* Images.xcassets */; };
		3F307B8E1B584B680087207E /* LaunchScreen.xib in Resources */ = {isa = PBXBuildFile; fileRef = 3F307B8C1B584B680087207E /* LaunchScreen.xib */; };
		3F307B9A1B584B680087207E /* voltRelaxTests.swift in Sources */ = {isa = PBXBuildFile; fileRef = 3F307B991B584B680087207E /* voltRelaxTests.swift */; };
/* End PBXBuildFile section */

/* Begin PBXContainerItemProxy section */
		3F307B941B584B680087207E /* PBXContainerItemProxy */ = {
			isa = PBXContainerItemProxy;
			containerPortal = 3F307B761B584B680087207E /* Project object */;
			proxyType = 1;
			remoteGlobalIDString = 3F307B7D1B584B680087207E;
			remoteInfo = voltRelax;
		};
/* End PBXContainerItemProxy section */

/* Begin PBXFileReference section */
		3F307B7E1B584B680087207E /* voltRelax.app */ = {isa = PBXFileReference; explicitFileType = wrapper.application; includeInIndex = 0; path = voltRelax.app; sourceTree = BUILT_PRODUCTS_DIR; };
		3F307B821B584B680087207E /* Info.plist */ = {isa = PBXFileReference; lastKnownFileType = text.plist.xml; path = Info.plist; sourceTree = "<group>"; };
		3F307B831B584B680087207E /* AppDelegate.swift */ = {isa = PBXFileReference; lastKnownFileType = sourcecode.swift; path = AppDelegate.swift; sourceTree = "<group>"; };
		3F307B851B584B680087207E /* ViewController.swift */ = {isa = PBXFileReference; lastKnownFileType = sourcecode.swift; path = ViewController.swift; sourceTree = "<group>"; };
		3F307B881B584B680087207E /* Base */ = {isa = PBXFileReference; lastKnownFileType = file.storyboard; name = Base; path = Base.lproj/Main.storyboard; sourceTree = "<group>"; };
		3F307B8A1B584B680087207E /* Images.xcassets */ = {isa = PBXFileReference; lastKnownFileType = folder.assetcatalog; path = Images.xcassets; sourceTree = "<group>"; };
		3F307B8D1B584B680087207E /* Base */ = {isa = PBXFileReference; lastKnownFileType = file.xib; name = Base; path = Base.lproj/LaunchScreen.xib; sourceTree = "<group>"; };
		3F307B931B584B680087207E /* voltRelaxTests.xctest */ = {isa = PBXFileReference; explicitFileType = wrapper.cfbundle; includeInIndex = 0; path = voltRelaxTests.xctest; sourceTree = BUILT_PRODUCTS_DIR; };
		3F307B981B584B680087207E /* Info.plist */ = {isa = PBXFileReference; lastKnownFileType = text.plist.xml; path = Info.plist; sourceTree = "<group>"; };
		3F307B991B584B680087207E /* voltRelaxTests.swift */ = {isa = PBXFileReference; lastKnownFileType = sourcecode.swift; path = voltRelaxTests.swift; sourceTree = "<group>"; };
/* End PBXFileReference section */

/* Begin PBXFrameworksBuildPhase section */
		3F307B7B1B584B680087207E /* Frameworks */ = {
			isa = PBXFrameworksBuildPhase;
			buildActionMask = 2147483647;
			files = (
			);
			runOnlyForDeploymentPostprocessing = 0;
		};
		3F307B901B584B680087207E /* Frameworks */ = {
			isa = PBXFrameworksBuildPhase;
			buildActionMask = 2147483647;
			files = (
			);
			runOnlyForDeploymentPostprocessing = 0;
		};
/* End PBXFrameworksBuildPhase section */

/* Begin PBXGroup section */
		3F307B751B584B680087207E = {
			isa = PBXGroup;
			children = (
				3F307B801B584B680087207E /* voltRelax */,
				3F307B961B584B680087207E /* voltRelaxTests */,
				3F307B7F1B584B680087207E /* Products */,
			);
			sourceTree = "<group>";
		};
		3F307B7F1B584B680087207E /* Products */ = {
			isa = PBXGroup;
			children = (
				3F307B7E1B584B680087207E /* voltRelax.app */,
				3F307B931B584B680087207E /* voltRelaxTests.xctest */,
			);
			name = Products;
			sourceTree = "<group>";
		};
		3F307B801B584B680087207E /* voltRelax */ = {
			isa = PBXGroup;
			children = (
				3F307B831B584B680087207E /* AppDelegate.swift */,
				3F307B851B584B680087207E /* ViewController.swift */,
				3F307B871B584B680087207E /* Main.storyboard */,
				3F307B8A1B584B680087207E /* Images.xcassets */,
				3F307B8C1B584B680087207E /* LaunchScreen.xib */,
				3F307B811B584B680087207E /* Supporting Files */,
			);
			path = voltRelax;
			sourceTree = "<group>";
		};
		3F307B811B584B680087207E /* Supporting Files */ = {
			isa = PBXGroup;
			children = (
				3F307B821B584B680087207E /* Info.plist */,
			);
			name = "Supporting Files";
			sourceTree = "<group>";
		};
		3F307B961B584B680087207E /* voltRelaxTests */ = {
			isa = PBXGroup;
			children = (
				3F307B991B584B680087207E /* voltRelaxTests.swift */,
				3F307B971B584B680087207E /* Supporting Files */,
			);
			path = voltRelaxTests;
			sourceTree = "<group>";
		};
		3F307B971B584B680087207E /* Supporting Files */ = {
			isa = PBXGroup;
			children = (
				3F307B981B584B680087207E /* Info.plist */,
			);
			name = "Supporting Files";
			sourceTree = "<group>";
		};
/* End PBXGroup section */

/* Begin PBXNativeTarget section */
		3F307B7D1B584B680087207E /* voltRelax */ = {
			isa = PBXNativeTarget;
			buildConfigurationList = 3F307B9D1B584B680087207E /* Build configuration list for PBXNativeTarget "voltRelax" */;
			buildPhases = (
				3F307B7A1B584B680087207E /* Sources */,
				3F307B7B1B584B680087207E /* Frameworks */,
				3F307B7C1B584B680087207E /* Resources */,
			);
			buildRules = (
			);
			dependencies = (
			);
			name = voltRelax;
			productName = voltRelax;
			productReference = 3F307B7E1B584B680087207E /* voltRelax.app */;
			productType = "com.apple.product-type.application";
		};
		3F307B921B584B680087207E /* voltRelaxTests */ = {
			isa = PBXNativeTarget;
			buildConfigurationList = 3F307BA01B584B680087207E /* Build configuration list for PBXNativeTarget "voltRelaxTests" */;
			buildPhases = (
				3F307B8F1B584B680087207E /* Sources */,
				3F307B901B584B680087207E /* Frameworks */,
				3F307B911B584B680087207E /* Resources */,
			);
			buildRules = (
			);
			dependencies = (
				3F307B951B584B680087207E /* PBXTargetDependency */,
			);
			name = voltRelaxTests;
			productName = voltRelaxTests;
			productReference = 3F307B931B584B680087207E /* voltRelaxTests.xctest */;
			productType = "com.apple.product-type.bundle.unit-test";
		};
/* End PBXNativeTarget section */

/* Begin PBXProject section */
		3F307B761B584B680087207E /* Project object */ = {
			isa = PBXProject;
			attributes = {
				LastUpgradeCheck = 0640;
				ORGANIZATIONNAME = "iD Student";
				TargetAttributes = {
					3F307B7D1B584B680087207E = {
						CreatedOnToolsVersion = 6.4;
					};
					3F307B921B584B680087207E = {
						CreatedOnToolsVersion = 6.4;
						TestTargetID = 3F307B7D1B584B680087207E;
					};
				};
			};
			buildConfigurationList = 3F307B791B584B680087207E /* Build configuration list for PBXProject "voltRelax" */;
			compatibilityVersion = "Xcode 3.2";
			developmentRegion = English;
			hasScannedForEncodings = 0;
			knownRegions = (
				en,
				Base,
			);
			mainGroup = 3F307B751B584B680087207E;
			productRefGroup = 3F307B7F1B584B680087207E /* Products */;
			projectDirPath = "";
			projectRoot = "";
			targets = (
				3F307B7D1B584B680087207E /* voltRelax */,
				3F307B921B584B680087207E /* voltRelaxTests */,
			);
		};
/* End PBXProject section */

/* Begin PBXResourcesBuildPhase section */
		3F307B7C1B584B680087207E /* Resources */ = {
			isa = PBXResourcesBuildPhase;
			buildActionMask = 2147483647;
			files = (
				3F307B891B584B680087207E /* Main.storyboard in Resources */,
				3F307B8E1B584B680087207E /* LaunchScreen.xib in Resources */,
				3F307B8B1B584B680087207E /* Images.xcassets in Resources */,
			);
			runOnlyForDeploymentPostprocessing = 0;
		};
		3F307B911B584B680087207E /* Resources */ = {
			isa = PBXResourcesBuildPhase;
			buildActionMask = 2147483647;
			files = (
			);
			runOnlyForDeploymentPostprocessing = 0;
		};
/* End PBXResourcesBuildPhase section */

/* Begin PBXSourcesBuildPhase section */
		3F307B7A1B584B680087207E /* Sources */ = {
			isa = PBXSourcesBuildPhase;
			buildActionMask = 2147483647;
			files = (
				3F307B861B584B680087207E /* ViewController.swift in Sources */,
				3F307B841B584B680087207E /* AppDelegate.swift in Sources */,
			);
			runOnlyForDeploymentPostprocessing = 0;
		};
		3F307B8F1B584B680087207E /* Sources */ = {
			isa = PBXSourcesBuildPhase;
			buildActionMask = 2147483647;
			files = (
				3F307B9A1B584B680087207E /* voltRelaxTests.swift in Sources */,
			);
			runOnlyForDeploymentPostprocessing = 0;
		};
/* End PBXSourcesBuildPhase section */

/* Begin PBXTargetDependency section */
		3F307B951B584B680087207E /* PBXTargetDependency */ = {
			isa = PBXTargetDependency;
			target = 3F307B7D1B584B680087207E /* voltRelax */;
			targetProxy = 3F307B941B584B680087207E /* PBXContainerItemProxy */;
		};
/* End PBXTargetDependency section */

/* Begin PBXVariantGroup section */
		3F307B871B584B680087207E /* Main.storyboard */ = {
			isa = PBXVariantGroup;
			children = (
				3F307B881B584B680087207E /* Base */,
			);
			name = Main.storyboard;
			sourceTree = "<group>";
		};
		3F307B8C1B584B680087207E /* LaunchScreen.xib */ = {
			isa = PBXVariantGroup;
			children = (
				3F307B8D1B584B680087207E /* Base */,
			);
			name = LaunchScreen.xib;
			sourceTree = "<group>";
		};
/* End PBXVariantGroup section */

/* Begin XCBuildConfiguration section */
		3F307B9B1B584B680087207E /* Debug */ = {
			isa = XCBuildConfiguration;
			buildSettings = {
				ALWAYS_SEARCH_USER_PATHS = NO;
				CLANG_CXX_LANGUAGE_STANDARD = "gnu++0x";
				CLANG_CXX_LIBRARY = "libc++";
				CLANG_ENABLE_MODULES = YES;
				CLANG_ENABLE_OBJC_ARC = YES;
				CLANG_WARN_BOOL_CONVERSION = YES;
				CLANG_WARN_CONSTANT_CONVERSION = YES;
				CLANG_WARN_DIRECT_OBJC_ISA_USAGE = YES_ERROR;
				CLANG_WARN_EMPTY_BODY = YES;
				CLANG_WARN_ENUM_CONVERSION = YES;
				CLANG_WARN_INT_CONVERSION = YES;
				CLANG_WARN_OBJC_ROOT_CLASS = YES_ERROR;
				CLANG_WARN_UNREACHABLE_CODE = YES;
				CLANG_WARN__DUPLICATE_METHOD_MATCH = YES;
				"CODE_SIGN_IDENTITY[sdk=iphoneos*]" = "iPhone Developer";
				COPY_PHASE_STRIP = NO;
				DEBUG_INFORMATION_FORMAT = "dwarf-with-dsym";
				ENABLE_STRICT_OBJC_MSGSEND = YES;
				GCC_C_LANGUAGE_STANDARD = gnu99;
				GCC_DYNAMIC_NO_PIC = NO;
				GCC_NO_COMMON_BLOCKS = YES;
				GCC_OPTIMIZATION_LEVEL = 0;
				GCC_PREPROCESSOR_DEFINITIONS = (
					"DEBUG=1",
					"$(inherited)",
				);
				GCC_SYMBOLS_PRIVATE_EXTERN = NO;
				GCC_WARN_64_TO_32_BIT_CONVERSION = YES;
				GCC_WARN_ABOUT_RETURN_TYPE = YES_ERROR;
				GCC_WARN_UNDECLARED_SELECTOR = YES;
				GCC_WARN_UNINITIALIZED_AUTOS = YES_AGGRESSIVE;
				GCC_WARN_UNUSED_FUNCTION = YES;
				GCC_WARN_UNUSED_VARIABLE = YES;
				IPHONEOS_DEPLOYMENT_TARGET = 8.4;
				MTL_ENABLE_DEBUG_INFO = YES;
				ONLY_ACTIVE_ARCH = YES;
				SDKROOT = iphoneos;
				SWIFT_OPTIMIZATION_LEVEL = "-Onone";
			};
			name = Debug;
		};
		3F307B9C1B584B680087207E /* Release */ = {
			isa = XCBuildConfiguration;
			buildSettings = {
				ALWAYS_SEARCH_USER_PATHS = NO;
				CLANG_CXX_LANGUAGE_STANDARD = "gnu++0x";
				CLANG_CXX_LIBRARY = "libc++";
				CLANG_ENABLE_MODULES = YES;
				CLANG_ENABLE_OBJC_ARC = YES;
				CLANG_WARN_BOOL_CONVERSION = YES;
				CLANG_WARN_CONSTANT_CONVERSION = YES;
				CLANG_WARN_DIRECT_OBJC_ISA_USAGE = YES_ERROR;
				CLANG_WARN_EMPTY_BODY = YES;
				CLANG_WARN_ENUM_CONVERSION = YES;
				CLANG_WARN_INT_CONVERSION = YES;
				CLANG_WARN_OBJC_ROOT_CLASS = YES_ERROR;
				CLANG_WARN_UNREACHABLE_CODE = YES;
				CLANG_WARN__DUPLICATE_METHOD_MATCH = YES;
				"CODE_SIGN_IDENTITY[sdk=iphoneos*]" = "iPhone Developer";
				COPY_PHASE_STRIP = NO;
				DEBUG_INFORMATION_FORMAT = "dwarf-with-dsym";
				ENABLE_NS_ASSERTIONS = NO;
				ENABLE_STRICT_OBJC_MSGSEND = YES;
				GCC_C_LANGUAGE_STANDARD = gnu99;
				GCC_NO_COMMON_BLOCKS = YES;
				GCC_WARN_64_TO_32_BIT_CONVERSION = YES;
				GCC_WARN_ABOUT_RETURN_TYPE = YES_ERROR;
				GCC_WARN_UNDECLARED_SELECTOR = YES;
				GCC_WARN_UNINITIALIZED_AUTOS = YES_AGGRESSIVE;
				GCC_WARN_UNUSED_FUNCTION = YES;
				GCC_WARN_UNUSED_VARIABLE = YES;
				IPHONEOS_DEPLOYMENT_TARGET = 8.4;
				MTL_ENABLE_DEBUG_INFO = NO;
				SDKROOT = iphoneos;
				VALIDATE_PRODUCT = YES;
			};
			name = Release;
		};
		3F307B9E1B584B680087207E /* Debug */ = {
			isa = XCBuildConfiguration;
			buildSettings = {
				ASSETCATALOG_COMPILER_APPICON_NAME = AppIcon;
				INFOPLIST_FILE = voltRelax/Info.plist;
				LD_RUNPATH_SEARCH_PATHS = "$(inherited) @executable_path/Frameworks";
				PRODUCT_NAME = "$(TARGET_NAME)";
			};
			name = Debug;
		};
		3F307B9F1B584B680087207E /* Release */ = {
			isa = XCBuildConfiguration;
			buildSettings = {
				ASSETCATALOG_COMPILER_APPICON_NAME = AppIcon;
				INFOPLIST_FILE = voltRelax/Info.plist;
				LD_RUNPATH_SEARCH_PATHS = "$(inherited) @executable_path/Frameworks";
				PRODUCT_NAME = "$(TARGET_NAME)";
			};
			name = Release;
		};
		3F307BA11B584B680087207E /* Debug */ = {
			isa = XCBuildConfiguration;
			buildSettings = {
				BUNDLE_LOADER = "$(TEST_HOST)";
				FRAMEWORK_SEARCH_PATHS = (
					"$(SDKROOT)/Developer/Library/Frameworks",
					"$(inherited)",
				);
				GCC_PREPROCESSOR_DEFINITIONS = (
					"DEBUG=1",
					"$(inherited)",
				);
				INFOPLIST_FILE = voltRelaxTests/Info.plist;
				LD_RUNPATH_SEARCH_PATHS = "$(inherited) @executable_path/Frameworks @loader_path/Frameworks";
				PRODUCT_NAME = "$(TARGET_NAME)";
				TEST_HOST = "$(BUILT_PRODUCTS_DIR)/voltRelax.app/voltRelax";
			};
			name = Debug;
		};
		3F307BA21B584B680087207E /* Release */ = {
			isa = XCBuildConfiguration;
			buildSettings = {
				BUNDLE_LOADER = "$(TEST_HOST)";
				FRAMEWORK_SEARCH_PATHS = (
					"$(SDKROOT)/Developer/Library/Frameworks",
					"$(inherited)",
				);
				INFOPLIST_FILE = voltRelaxTests/Info.plist;
				LD_RUNPATH_SEARCH_PATHS = "$(inherited) @executable_path/Frameworks @loader_path/Frameworks";
				PRODUCT_NAME = "$(TARGET_NAME)";
				TEST_HOST = "$(BUILT_PRODUCTS_DIR)/voltRelax.app/voltRelax";
			};
			name = Release;
		};
/* End XCBuildConfiguration section */

/* Begin XCConfigurationList section */
		3F307B791B584B680087207E /* Build configuration list for PBXProject "voltRelax" */ = {
			isa = XCConfigurationList;
			buildConfigurations = (
				3F307B9B1B584B680087207E /* Debug */,
				3F307B9C1B584B680087207E /* Release */,
			);
			defaultConfigurationIsVisible = 0;
			defaultConfigurationName = Release;
		};
		3F307B9D1B584B680087207E /* Build configuration list for PBXNativeTarget "voltRelax" */ = {
			isa = XCConfigurationList;
			buildConfigurations = (
				3F307B9E1B584B680087207E /* Debug */,
				3F307B9F1B584B680087207E /* Release */,
			);
			defaultConfigurationIsVisible = 0;
		};
		3F307BA01B584B680087207E /* Build configuration list for PBXNativeTarget "voltRelaxTests" */ = {
			isa = XCConfigurationList;
			buildConfigurations = (
				3F307BA11B584B680087207E /* Debug */,
				3F307BA21B584B680087207E /* Release */,
			);
			defaultConfigurationIsVisible = 0;
		};
/* End XCConfigurationList section */
	};
	rootObject = 3F307B761B584B680087207E /* Project object */;
}
